%{
  "bakeware": {:hex, :bakeware, "0.2.4", "0aaf49b34f4bab2aa433f9ff1485d9401e421603160abd6d269c469fc7b65212", [:make, :mix], [{:elixir_make, "~> 0.6", [hex: :elixir_make, repo: "hexpm", optional: false]}], "hexpm", "7b97bcf6fbeee53bb32441d6c495bf478d26f9575633cfef6831e421e86ada6d"},
  "elixir_make": {:hex, :elixir_make, "0.8.3", "d38d7ee1578d722d89b4d452a3e36bcfdc644c618f0d063b874661876e708683", [:mix], [{:castore, "~> 0.1 or ~> 1.0", [hex: :castore, repo: "hexpm", optional: true]}, {:certifi, "~> 2.0", [hex: :certifi, repo: "hexpm", optional: true]}], "hexpm", "5c99a18571a756d4af7a4d89ca75c28ac899e6103af6f223982f09ce44942cc9"},
}
